
Microsoft Visual Studio Solution File, Format Version 12.00
Project("{FAE04EC0-301F-11D3-BF4B-00C04F79EFBC}") = "APBD-Cw1-s30786", "APBD-Cw1-s30786\APBD-Cw1-s30786.csproj", "{F6A2BE5D-D065-455C-B544-EA01AB6D5415}"
EndProject
Global
	GlobalSection(SolutionConfigurationPlatforms) = preSolution
		Debug|Any CPU = Debug|Any CPU
		Release|Any CPU = Release|Any CPU
	EndGlobalSection
	GlobalSection(ProjectConfigurationPlatforms) = postSolution
		{F6A2BE5D-D065-455C-B544-EA01AB6D5415}.Debug|Any CPU.ActiveCfg = Debug|Any CPU
		{F6A2BE5D-D065-455C-B544-EA01AB6D5415}.Debug|Any CPU.Build.0 = Debug|Any CPU
		{F6A2BE5D-D065-455C-B544-EA01AB6D5415}.Release|Any CPU.ActiveCfg = Release|Any CPU
		{F6A2BE5D-D065-455C-B544-EA01AB6D5415}.Release|Any CPU.Build.0 = Release|Any CPU
	EndGlobalSection
EndGlobal
